hash: a041f03061a7a1ec8d341b9f556853f3b019b67dbcd5bc277ccb3f7df9ad22ab
updated: 2019-06-24T22:59:13.840169+09:00
imports:
- name: github.com/andybalholm/cascadia
  version: 349dd0209470eabd9514242c688c403c0926d266
- name: github.com/fatih/color
  version: 5b77d2a35fb0ede96d138fc9a99f5c9b6aef11b4
- name: github.com/inconshreveable/mousetrap
  version: 76626ae9c91c4f2a10f34cad8ce83ea42c93bb75
- name: github.com/mattn/go-colorable
  version: 5411d3eea5978e6cdc258b30de592b60df6aba96
- name: github.com/mattn/go-isatty
  version: 57fdcb988a5c543893cc61bce354a6e24ab70022
- name: github.com/pkg/errors
  version: 645ef00459ed84a119197bfb8d8205042c6df63d
- name: github.com/PuerkitoBio/goquery
  version: 1a71cc719d0d5b9e4f14ae072bef08b576b0bab5
- name: github.com/robertkrimen/otto
  version: 15f95af6e78dcd2030d8195a138bd88d4f403546
  subpackages:
  - ast
  - dbg
  - file
  - parser
  - registry
  - token
- name: github.com/spf13/cobra
  version: f2b07da1e2c38d5f12845a4f607e2e1018cbb1f5
- name: github.com/spf13/pflag
  version: 24fa6976df40757dce6aea913e7b81ade90530e1
- name: golang.org/x/net
  version: 9dfe39835686865bff950a07b394c12a98ddc811
  subpackages:
  - html
  - html/atom
- name: golang.org/x/sync
  version: 112230192c580c3556b8cee6403af37a4fc5f28c
  subpackages:
  - errgroup
  - semaphore
- name: golang.org/x/sys
  version: d432491b91382bba9c2a91776aa47c9430183a6f
  subpackages:
  - unix
- name: gopkg.in/sourcemap.v1
  version: 6e83acea0053641eff084973fee085f0c193c61a
  subpackages:
  - base64vlq
testImports: []
